
Microsoft Visual Studio Solution File, Format Version 12.00
# Visual Studio 15
VisualStudioVersion = 15.0.28307.329
MinimumVisualStudioVersion = 10.0.40219.1
Project("{FAE04EC0-301F-11D3-BF4B-00C04F79EFBC}") = "ApiEmpleados", "ApiEmpleados\ApiEmpleados.csproj", "{B615492B-C0E3-4723-96B3-3A8A6F2B4006}"
EndProject
Project("{FAE04EC0-301F-11D3-BF4B-00C04F79EFBC}") = "ApiOberon", "Api\ApiOberon.csproj", "{6AC04F16-DCDF-4FF5-85B2-D38A5E441241}"
EndProject
Global
	GlobalSection(SolutionConfigurationPlatforms) = preSolution
		Debug|Any CPU = Debug|Any CPU
		Release|Any CPU = Release|Any CPU
	EndGlobalSection
	GlobalSection(ProjectConfigurationPlatforms) = postSolution
		{B615492B-C0E3-4723-96B3-3A8A6F2B4006}.Debug|Any CPU.ActiveCfg = Debug|Any CPU
		{B615492B-C0E3-4723-96B3-3A8A6F2B4006}.Debug|Any CPU.Build.0 = Debug|Any CPU
		{B615492B-C0E3-4723-96B3-3A8A6F2B4006}.Release|Any CPU.ActiveCfg = Release|Any CPU
		{B615492B-C0E3-4723-96B3-3A8A6F2B4006}.Release|Any CPU.Build.0 = Release|Any CPU
		{6AC04F16-DCDF-4FF5-85B2-D38A5E441241}.Debug|Any CPU.ActiveCfg = Debug|Any CPU
		{6AC04F16-DCDF-4FF5-85B2-D38A5E441241}.Debug|Any CPU.Build.0 = Debug|Any CPU
		{6AC04F16-DCDF-4FF5-85B2-D38A5E441241}.Release|Any CPU.ActiveCfg = Release|Any CPU
		{6AC04F16-DCDF-4FF5-85B2-D38A5E441241}.Release|Any CPU.Build.0 = Release|Any CPU
	EndGlobalSection
	GlobalSection(SolutionProperties) = preSolution
		HideSolutionNode = FALSE
	EndGlobalSection
	GlobalSection(ExtensibilityGlobals) = postSolution
		SolutionGuid = {03E30214-134C-4458-9B3A-0BEAB5B47733}
	EndGlobalSection
EndGlobal
